
Microsoft Visual Studio Solution File, Format Version 12.00
# Visual Studio Version 16
VisualStudioVersion = 16.0.30804.86
MinimumVisualStudioVersion = 10.0.40219.1
Project("{FAE04EC0-301F-11D3-BF4B-00C04F79EFBC}") = "FunctionToSendEmailWithMailKit", "FunctionToSendEmailWithMailKit\FunctionToSendEmailWithMailKit.csproj", "{A90ED857-F653-454B-A9C6-1DA3C48A7679}"
EndProject
Global
	GlobalSection(SolutionConfigurationPlatforms) = preSolution
		Debug|Any CPU = Debug|Any CPU
		Release|Any CPU = Release|Any CPU
	EndGlobalSection
	GlobalSection(ProjectConfigurationPlatforms) = postSolution
		{A90ED857-F653-454B-A9C6-1DA3C48A7679}.Debug|Any CPU.ActiveCfg = Debug|Any CPU
		{A90ED857-F653-454B-A9C6-1DA3C48A7679}.Debug|Any CPU.Build.0 = Debug|Any CPU
		{A90ED857-F653-454B-A9C6-1DA3C48A7679}.Release|Any CPU.ActiveCfg = Release|Any CPU
		{A90ED857-F653-454B-A9C6-1DA3C48A7679}.Release|Any CPU.Build.0 = Release|Any CPU
	EndGlobalSection
	GlobalSection(SolutionProperties) = preSolution
		HideSolutionNode = FALSE
	EndGlobalSection
	GlobalSection(ExtensibilityGlobals) = postSolution
		SolutionGuid = {5215CCB4-EC2D-471D-AD89-074EF8CA8C63}
	EndGlobalSection
EndGlobal
